// !$*UTF8*$!
{
	archiveVersion = 1;
	classes = {
	};
	objectVersion = 51;
	objects = {

/* Begin PBXBuildFile section */
		44497BD3253542CB0050C6E5 /* Poppins-BoldItalic.ttf in Resources */ = {isa = PBXBuildFile; fileRef = 44497BC1253542CA0050C6E5 /* Poppins-BoldItalic.ttf */; };
		44497BD4253542CB0050C6E5 /* Poppins-Light.ttf in Resources */ = {isa = PBXBuildFile; fileRef = 44497BC2253542CA0050C6E5 /* Poppins-Light.ttf */; };
		44497BD5253542CB0050C6E5 /* Poppins-Medium.ttf in Resources */ = {isa = PBXBuildFile; fileRef = 44497BC3253542CA0050C6E5 /* Poppins-Medium.ttf */; };
		44497BD6253542CB0050C6E5 /* Poppins-ThinItalic.ttf in Resources */ = {isa = PBXBuildFile; fileRef = 44497BC4253542CB0050C6E5 /* Poppins-ThinItalic.ttf */; };
		44497BD7253542CB0050C6E5 /* Poppins-ExtraLight.ttf in Resources */ = {isa = PBXBuildFile; fileRef = 44497BC5253542CB0050C6E5 /* Poppins-ExtraLight.ttf */; };
		44497BD8253542CB0050C6E5 /* Poppins-ExtraBold.ttf in Resources */ = {isa = PBXBuildFile; fileRef = 44497BC6253542CB0050C6E5 /* Poppins-ExtraBold.ttf */; };
		44497BD9253542CB0050C6E5 /* Poppins-SemiBoldItalic.ttf in Resources */ = {isa = PBXBuildFile; fileRef = 44497BC7253542CB0050C6E5 /* Poppins-SemiBoldItalic.ttf */; };
		44497BDA253542CB0050C6E5 /* Poppins-Black.ttf in Resources */ = {isa = PBXBuildFile; fileRef = 44497BC8253542CB0050C6E5 /* Poppins-Black.ttf */; };
		44497BDB253542CB0050C6E5 /* Poppins-ExtraLightItalic.ttf in Resources */ = {isa = PBXBuildFile; fileRef = 44497BC9253542CB0050C6E5 /* Poppins-ExtraLightItalic.ttf */; };
		44497BDC253542CB0050C6E5 /* Poppins-BlackItalic.ttf in Resources */ = {isa = PBXBuildFile; fileRef = 44497BCA253542CB0050C6E5 /* Poppins-BlackItalic.ttf */; };
		44497BDD253542CB0050C6E5 /* Poppins-LightItalic.ttf in Resources */ = {isa = PBXBuildFile; fileRef = 44497BCB253542CB0050C6E5 /* Poppins-LightItalic.ttf */; };
		44497BDE253542CB0050C6E5 /* Poppins-SemiBold.ttf in Resources */ = {isa = PBXBuildFile; fileRef = 44497BCC253542CB0050C6E5 /* Poppins-SemiBold.ttf */; };
		44497BDF253542CB0050C6E5 /* Poppins-Bold.ttf in Resources */ = {isa = PBXBuildFile; fileRef = 44497BCD253542CB0050C6E5 /* Poppins-Bold.ttf */; };
		44497BE0253542CB0050C6E5 /* Poppins-ExtraBoldItalic.ttf in Resources */ = {isa = PBXBuildFile; fileRef = 44497BCE253542CB0050C6E5 /* Poppins-ExtraBoldItalic.ttf */; };
		44497BE1253542CB0050C6E5 /* Poppins-MediumItalic.ttf in Resources */ = {isa = PBXBuildFile; fileRef = 44497BCF253542CB0050C6E5 /* Poppins-MediumItalic.ttf */; };
		44497BE2253542CB0050C6E5 /* Poppins-Regular.ttf in Resources */ = {isa = PBXBuildFile; fileRef = 44497BD0253542CB0050C6E5 /* Poppins-Regular.ttf */; };
		44497BE3253542CB0050C6E5 /* Poppins-Thin.ttf in Resources */ = {isa = PBXBuildFile; fileRef = 44497BD1253542CB0050C6E5 /* Poppins-Thin.ttf */; };
		44497BE4253542CB0050C6E5 /* Poppins-Italic.ttf in Resources */ = {isa = PBXBuildFile; fileRef = 44497BD2253542CB0050C6E5 /* Poppins-Italic.ttf */; };
		44497BE72535478C0050C6E5 /* SBButton.swift in Sources */ = {isa = PBXBuildFile; fileRef = 44497BE62535478C0050C6E5 /* SBButton.swift */; };
		555311DA257AF5B800C1BCF3 /* UIKitConvenienceExtensions.swift in Sources */ = {isa = PBXBuildFile; fileRef = 555311D9257AF5B800C1BCF3 /* UIKitConvenienceExtensions.swift */; };
		555311DD257B0C6300C1BCF3 /* SBLabel.swift in Sources */ = {isa = PBXBuildFile; fileRef = 555311DC257B0C6300C1BCF3 /* SBLabel.swift */; };
		555311E0257B0D4300C1BCF3 /* Poppins in Resources */ = {isa = PBXBuildFile; fileRef = 555311DF257B0D4300C1BCF3 /* Poppins */; };
		558A7C452593BC4300F087E9 /* UtilityExtensions.swift in Sources */ = {isa = PBXBuildFile; fileRef = 558A7C442593BC4300F087E9 /* UtilityExtensions.swift */; };
		55D8246025353466007358BB /* AppDelegate.swift in Sources */ = {isa = PBXBuildFile; fileRef = 55D8245F25353466007358BB /* AppDelegate.swift */; };
		55D8246225353466007358BB /* SceneDelegate.swift in Sources */ = {isa = PBXBuildFile; fileRef = 55D8246125353466007358BB /* SceneDelegate.swift */; };
		55D8246425353466007358BB /* LoginVC.swift in Sources */ = {isa = PBXBuildFile; fileRef = 55D8246325353466007358BB /* LoginVC.swift */; };
		55D824692535346C007358BB /* Assets.xcassets in Resources */ = {isa = PBXBuildFile; fileRef = 55D824682535346C007358BB /* Assets.xcassets */; };
		55D8246C2535346C007358BB /* LaunchScreen.storyboard in Resources */ = {isa = PBXBuildFile; fileRef = 55D8246A2535346C007358BB /* LaunchScreen.storyboard */; };
		55EA8A98257D862500099833 /* CreateAccountVC.swift in Sources */ = {isa = PBXBuildFile; fileRef = 55EA8A97257D862500099833 /* CreateAccountVC.swift */; };
		55EB4DED25353B890018BEC9 /* Fonts.swift in Sources */ = {isa = PBXBuildFile; fileRef = 55EB4DEC25353B890018BEC9 /* Fonts.swift */; };
		55EB4DF125353B900018BEC9 /* Colors.swift in Sources */ = {isa = PBXBuildFile; fileRef = 55EB4DF025353B900018BEC9 /* Colors.swift */; };
		55EB4DF425353BB30018BEC9 /* SBTextField.swift in Sources */ = {isa = PBXBuildFile; fileRef = 55EB4DF325353BB30018BEC9 /* SBTextField.swift */; };
		55FCEF0A257D50B60017B687 /* LoginVC+UISetup.swift in Sources */ = {isa = PBXBuildFile; fileRef = 55FCEF09257D50B60017B687 /* LoginVC+UISetup.swift */; };
		7FB1B6377A332413E6501F7E /* Pods_ShiftBuddy.framework in Frameworks */ = {isa = PBXBuildFile; fileRef = 0928D66A2503236D0C5B7B2B /* Pods_ShiftBuddy.framework */; };
/* End PBXBuildFile section */

/* Begin PBXFileReference section */
		0928D66A2503236D0C5B7B2B /* Pods_ShiftBuddy.framework */ = {isa = PBXFileReference; explicitFileType = wrapper.framework; includeInIndex = 0; path = Pods_ShiftBuddy.framework; sourceTree = BUILT_PRODUCTS_DIR; };
		0C1907838984090B305453AD /* Pods-ShiftBuddy.release.xcconfig */ = {isa = PBXFileReference; includeInIndex = 1; lastKnownFileType = text.xcconfig; name = "Pods-ShiftBuddy.release.xcconfig"; path = "Target Support Files/Pods-ShiftBuddy/Pods-ShiftBuddy.release.xcconfig"; sourceTree = "<group>"; };
		44497BC1253542CA0050C6E5 /* Poppins-BoldItalic.ttf */ = {isa = PBXFileReference; lastKnownFileType = file; path = "Poppins-BoldItalic.ttf"; sourceTree = "<group>"; };
		44497BC2253542CA0050C6E5 /* Poppins-Light.ttf */ = {isa = PBXFileReference; lastKnownFileType = file; path = "Poppins-Light.ttf"; sourceTree = "<group>"; };
		44497BC3253542CA0050C6E5 /* Poppins-Medium.ttf */ = {isa = PBXFileReference; lastKnownFileType = file; path = "Poppins-Medium.ttf"; sourceTree = "<group>"; };
		44497BC4253542CB0050C6E5 /* Poppins-ThinItalic.ttf */ = {isa = PBXFileReference; lastKnownFileType = file; path = "Poppins-ThinItalic.ttf"; sourceTree = "<group>"; };
		44497BC5253542CB0050C6E5 /* Poppins-ExtraLight.ttf */ = {isa = PBXFileReference; lastKnownFileType = file; path = "Poppins-ExtraLight.ttf"; sourceTree = "<group>"; };
		44497BC6253542CB0050C6E5 /* Poppins-ExtraBold.ttf */ = {isa = PBXFileReference; lastKnownFileType = file; path = "Poppins-ExtraBold.ttf"; sourceTree = "<group>"; };
		44497BC7253542CB0050C6E5 /* Poppins-SemiBoldItalic.ttf */ = {isa = PBXFileReference; lastKnownFileType = file; path = "Poppins-SemiBoldItalic.ttf"; sourceTree = "<group>"; };
		44497BC8253542CB0050C6E5 /* Poppins-Black.ttf */ = {isa = PBXFileReference; lastKnownFileType = file; path = "Poppins-Black.ttf"; sourceTree = "<group>"; };
		44497BC9253542CB0050C6E5 /* Poppins-ExtraLightItalic.ttf */ = {isa = PBXFileReference; lastKnownFileType = file; path = "Poppins-ExtraLightItalic.ttf"; sourceTree = "<group>"; };
		44497BCA253542CB0050C6E5 /* Poppins-BlackItalic.ttf */ = {isa = PBXFileReference; lastKnownFileType = file; path = "Poppins-BlackItalic.ttf"; sourceTree = "<group>"; };
		44497BCB253542CB0050C6E5 /* Poppins-LightItalic.ttf */ = {isa = PBXFileReference; lastKnownFileType = file; path = "Poppins-LightItalic.ttf"; sourceTree = "<group>"; };
		44497BCC253542CB0050C6E5 /* Poppins-SemiBold.ttf */ = {isa = PBXFileReference; lastKnownFileType = file; path = "Poppins-SemiBold.ttf"; sourceTree = "<group>"; };
		44497BCD253542CB0050C6E5 /* Poppins-Bold.ttf */ = {isa = PBXFileReference; lastKnownFileType = file; path = "Poppins-Bold.ttf"; sourceTree = "<group>"; };
		44497BCE253542CB0050C6E5 /* Poppins-ExtraBoldItalic.ttf */ = {isa = PBXFileReference; lastKnownFileType = file; path = "Poppins-ExtraBoldItalic.ttf"; sourceTree = "<group>"; };
		44497BCF253542CB0050C6E5 /* Poppins-MediumItalic.ttf */ = {isa = PBXFileReference; lastKnownFileType = file; path = "Poppins-MediumItalic.ttf"; sourceTree = "<group>"; };
		44497BD0253542CB0050C6E5 /* Poppins-Regular.ttf */ = {isa = PBXFileReference; lastKnownFileType = file; path = "Poppins-Regular.ttf"; sourceTree = "<group>"; };
		44497BD1253542CB0050C6E5 /* Poppins-Thin.ttf */ = {isa = PBXFileReference; lastKnownFileType = file; path = "Poppins-Thin.ttf"; sourceTree = "<group>"; };
		44497BD2253542CB0050C6E5 /* Poppins-Italic.ttf */ = {isa = PBXFileReference; lastKnownFileType = file; path = "Poppins-Italic.ttf"; sourceTree = "<group>"; };
		44497BE62535478C0050C6E5 /* SBButton.swift */ = {isa = PBXFileReference; lastKnownFileType = sourcecode.swift; path = SBButton.swift; sourceTree = "<group>"; };
		555311D9257AF5B800C1BCF3 /* UIKitConvenienceExtensions.swift */ = {isa = PBXFileReference; lastKnownFileType = sourcecode.swift; path = UIKitConvenienceExtensions.swift; sourceTree = "<group>"; };
		555311DC257B0C6300C1BCF3 /* SBLabel.swift */ = {isa = PBXFileReference; lastKnownFileType = sourcecode.swift; path = SBLabel.swift; sourceTree = "<group>"; };
		555311DF257B0D4300C1BCF3 /* Poppins */ = {isa = PBXFileReference; lastKnownFileType = folder; path = Poppins; sourceTree = "<group>"; };
		558A7C442593BC4300F087E9 /* UtilityExtensions.swift */ = {isa = PBXFileReference; lastKnownFileType = sourcecode.swift; path = UtilityExtensions.swift; sourceTree = "<group>"; };
		55D8245C25353466007358BB /* ShiftBuddy.app */ = {isa = PBXFileReference; explicitFileType = wrapper.application; includeInIndex = 0; path = ShiftBuddy.app; sourceTree = BUILT_PRODUCTS_DIR; };
		55D8245F25353466007358BB /* AppDelegate.swift */ = {isa = PBXFileReference; lastKnownFileType = sourcecode.swift; path = AppDelegate.swift; sourceTree = "<group>"; };
		55D8246125353466007358BB /* SceneDelegate.swift */ = {isa = PBXFileReference; lastKnownFileType = sourcecode.swift; path = SceneDelegate.swift; sourceTree = "<group>"; };
		55D8246325353466007358BB /* LoginVC.swift */ = {isa = PBXFileReference; lastKnownFileType = sourcecode.swift; path = LoginVC.swift; sourceTree = "<group>"; };
		55D824682535346C007358BB /* Assets.xcassets */ = {isa = PBXFileReference; lastKnownFileType = folder.assetcatalog; path = Assets.xcassets; sourceTree = "<group>"; };
		55D8246B2535346C007358BB /* Base */ = {isa = PBXFileReference; lastKnownFileType = file.storyboard; name = Base; path = Base.lproj/LaunchScreen.storyboard; sourceTree = "<group>"; };
		55D8246D2535346C007358BB /* Info.plist */ = {isa = PBXFileReference; lastKnownFileType = text.plist.xml; path = Info.plist; sourceTree = "<group>"; };
		55EA8A97257D862500099833 /* CreateAccountVC.swift */ = {isa = PBXFileReference; lastKnownFileType = sourcecode.swift; path = CreateAccountVC.swift; sourceTree = "<group>"; };
		55EB4DEC25353B890018BEC9 /* Fonts.swift */ = {isa = PBXFileReference; lastKnownFileType = sourcecode.swift; path = Fonts.swift; sourceTree = "<group>"; };
		55EB4DF025353B900018BEC9 /* Colors.swift */ = {isa = PBXFileReference; lastKnownFileType = sourcecode.swift; path = Colors.swift; sourceTree = "<group>"; };
		55EB4DF325353BB30018BEC9 /* SBTextField.swift */ = {isa = PBXFileReference; lastKnownFileType = sourcecode.swift; path = SBTextField.swift; sourceTree = "<group>"; };
		55FCEF09257D50B60017B687 /* LoginVC+UISetup.swift */ = {isa = PBXFileReference; lastKnownFileType = sourcecode.swift; path = "LoginVC+UISetup.swift"; sourceTree = "<group>"; };
		F6C609A3E55F7BD9CE334BFB /* Pods-ShiftBuddy.debug.xcconfig */ = {isa = PBXFileReference; includeInIndex = 1; lastKnownFileType = text.xcconfig; name = "Pods-ShiftBuddy.debug.xcconfig"; path = "Target Support Files/Pods-ShiftBuddy/Pods-ShiftBuddy.debug.xcconfig"; sourceTree = "<group>"; };
/* End PBXFileReference section */

/* Begin PBXFrameworksBuildPhase section */
		55D8245925353466007358BB /* Frameworks */ = {
			isa = PBXFrameworksBuildPhase;
			buildActionMask = 2147483647;
			files = (
				7FB1B6377A332413E6501F7E /* Pods_ShiftBuddy.framework in Frameworks */,
			);
			runOnlyForDeploymentPostprocessing = 0;
		};
/* End PBXFrameworksBuildPhase section */

/* Begin PBXGroup section */
		44497BC0253542B20050C6E5 /* Fonts */ = {
			isa = PBXGroup;
			children = (
				44497BC8253542CB0050C6E5 /* Poppins-Black.ttf */,
				44497BCA253542CB0050C6E5 /* Poppins-BlackItalic.ttf */,
				44497BCD253542CB0050C6E5 /* Poppins-Bold.ttf */,
				44497BC1253542CA0050C6E5 /* Poppins-BoldItalic.ttf */,
				44497BC6253542CB0050C6E5 /* Poppins-ExtraBold.ttf */,
				44497BCE253542CB0050C6E5 /* Poppins-ExtraBoldItalic.ttf */,
				44497BC5253542CB0050C6E5 /* Poppins-ExtraLight.ttf */,
				44497BC9253542CB0050C6E5 /* Poppins-ExtraLightItalic.ttf */,
				44497BD2253542CB0050C6E5 /* Poppins-Italic.ttf */,
				44497BC2253542CA0050C6E5 /* Poppins-Light.ttf */,
				44497BCB253542CB0050C6E5 /* Poppins-LightItalic.ttf */,
				44497BC3253542CA0050C6E5 /* Poppins-Medium.ttf */,
				44497BCF253542CB0050C6E5 /* Poppins-MediumItalic.ttf */,
				44497BD0253542CB0050C6E5 /* Poppins-Regular.ttf */,
				44497BCC253542CB0050C6E5 /* Poppins-SemiBold.ttf */,
				44497BC7253542CB0050C6E5 /* Poppins-SemiBoldItalic.ttf */,
				44497BD1253542CB0050C6E5 /* Poppins-Thin.ttf */,
				44497BC4253542CB0050C6E5 /* Poppins-ThinItalic.ttf */,
			);
			path = Fonts;
			sourceTree = "<group>";
		};
		558A7C432593BC3600F087E9 /* Extensions */ = {
			isa = PBXGroup;
			children = (
				558A7C442593BC4300F087E9 /* UtilityExtensions.swift */,
			);
			path = Extensions;
			sourceTree = "<group>";
		};
		55D8245325353466007358BB = {
			isa = PBXGroup;
			children = (
				55D8245E25353466007358BB /* ShiftBuddy */,
				555311DF257B0D4300C1BCF3 /* Poppins */,
				55D8245D25353466007358BB /* Products */,
				6635135D1DA1D29E235E2A30 /* Pods */,
				F80E7351810BBC2E161CFBBF /* Frameworks */,
			);
			sourceTree = "<group>";
		};
		55D8245D25353466007358BB /* Products */ = {
			isa = PBXGroup;
			children = (
				55D8245C25353466007358BB /* ShiftBuddy.app */,
			);
			name = Products;
			sourceTree = "<group>";
		};
		55D8245E25353466007358BB /* ShiftBuddy */ = {
			isa = PBXGroup;
			children = (
				558A7C432593BC3600F087E9 /* Extensions */,
				55D8245F25353466007358BB /* AppDelegate.swift */,
				55D8246125353466007358BB /* SceneDelegate.swift */,
				55EB4DE425353AF40018BEC9 /* View */,
				55FCEF32257D816B0017B687 /* ViewControllers */,
				55D824682535346C007358BB /* Assets.xcassets */,
				55D8246A2535346C007358BB /* LaunchScreen.storyboard */,
				55D8246D2535346C007358BB /* Info.plist */,
			);
			path = ShiftBuddy;
			sourceTree = "<group>";
		};
		55EB4DE425353AF40018BEC9 /* View */ = {
			isa = PBXGroup;
			children = (
				55EB4DEA25353B5A0018BEC9 /* StyleGuide */,
			);
			path = View;
			sourceTree = "<group>";
		};
		55EB4DEA25353B5A0018BEC9 /* StyleGuide */ = {
			isa = PBXGroup;
			children = (
				44497BC0253542B20050C6E5 /* Fonts */,
				55EB4DEC25353B890018BEC9 /* Fonts.swift */,
				55EB4DF025353B900018BEC9 /* Colors.swift */,
				55EB4DF325353BB30018BEC9 /* SBTextField.swift */,
				44497BE62535478C0050C6E5 /* SBButton.swift */,
				555311DC257B0C6300C1BCF3 /* SBLabel.swift */,
				555311D9257AF5B800C1BCF3 /* UIKitConvenienceExtensions.swift */,
			);
			path = StyleGuide;
			sourceTree = "<group>";
		};
		55FCEF0C257D7BAC0017B687 /* Login */ = {
			isa = PBXGroup;
			children = (
				55D8246325353466007358BB /* LoginVC.swift */,
				55FCEF09257D50B60017B687 /* LoginVC+UISetup.swift */,
			);
			path = Login;
			sourceTree = "<group>";
		};
		55FCEF32257D816B0017B687 /* ViewControllers */ = {
			isa = PBXGroup;
			children = (
				55FCEF0C257D7BAC0017B687 /* Login */,
				55EA8A97257D862500099833 /* CreateAccountVC.swift */,
			);
			path = ViewControllers;
			sourceTree = "<group>";
		};
		6635135D1DA1D29E235E2A30 /* Pods */ = {
			isa = PBXGroup;
			children = (
				F6C609A3E55F7BD9CE334BFB /* Pods-ShiftBuddy.debug.xcconfig */,
				0C1907838984090B305453AD /* Pods-ShiftBuddy.release.xcconfig */,
			);
			path = Pods;
			sourceTree = "<group>";
		};
		F80E7351810BBC2E161CFBBF /* Frameworks */ = {
			isa = PBXGroup;
			children = (
				0928D66A2503236D0C5B7B2B /* Pods_ShiftBuddy.framework */,
			);
			name = Frameworks;
			sourceTree = "<group>";
		};
/* End PBXGroup section */

/* Begin PBXNativeTarget section */
		55D8245B25353466007358BB /* ShiftBuddy */ = {
			isa = PBXNativeTarget;
			buildConfigurationList = 55D824702535346C007358BB /* Build configuration list for PBXNativeTarget "ShiftBuddy" */;
			buildPhases = (
				FB761C67ADDD24C210FA1356 /* [CP] Check Pods Manifest.lock */,
				55D8245825353466007358BB /* Sources */,
				55D8245925353466007358BB /* Frameworks */,
				55D8245A25353466007358BB /* Resources */,
				81E12D86674E54F8B5899CBD /* [CP] Embed Pods Frameworks */,
			);
			buildRules = (
			);
			dependencies = (
			);
			name = ShiftBuddy;
			productName = ShiftBuddy;
			productReference = 55D8245C25353466007358BB /* ShiftBuddy.app */;
			productType = "com.apple.product-type.application";
		};
/* End PBXNativeTarget section */

/* Begin PBXProject section */
		55D8245425353466007358BB /* Project object */ = {
			isa = PBXProject;
			attributes = {
				LastSwiftUpdateCheck = 1200;
				LastUpgradeCheck = 1200;
				TargetAttributes = {
					55D8245B25353466007358BB = {
						CreatedOnToolsVersion = 12.0;
					};
				};
			};
			buildConfigurationList = 55D8245725353466007358BB /* Build configuration list for PBXProject "ShiftBuddy" */;
			compatibilityVersion = "Xcode 9.3";
			developmentRegion = en;
			hasScannedForEncodings = 0;
			knownRegions = (
				en,
				Base,
			);
			mainGroup = 55D8245325353466007358BB;
			productRefGroup = 55D8245D25353466007358BB /* Products */;
			projectDirPath = "";
			projectRoot = "";
			targets = (
				55D8245B25353466007358BB /* ShiftBuddy */,
			);
		};
/* End PBXProject section */

/* Begin PBXResourcesBuildPhase section */
		55D8245A25353466007358BB /* Resources */ = {
			isa = PBXResourcesBuildPhase;
			buildActionMask = 2147483647;
			files = (
				555311E0257B0D4300C1BCF3 /* Poppins in Resources */,
				44497BE3253542CB0050C6E5 /* Poppins-Thin.ttf in Resources */,
				44497BD3253542CB0050C6E5 /* Poppins-BoldItalic.ttf in Resources */,
				44497BDE253542CB0050C6E5 /* Poppins-SemiBold.ttf in Resources */,
				44497BDD253542CB0050C6E5 /* Poppins-LightItalic.ttf in Resources */,
				44497BE2253542CB0050C6E5 /* Poppins-Regular.ttf in Resources */,
				55D8246C2535346C007358BB /* LaunchScreen.storyboard in Resources */,
				55D824692535346C007358BB /* Assets.xcassets in Resources */,
				44497BD6253542CB0050C6E5 /* Poppins-ThinItalic.ttf in Resources */,
				44497BDC253542CB0050C6E5 /* Poppins-BlackItalic.ttf in Resources */,
				44497BDF253542CB0050C6E5 /* Poppins-Bold.ttf in Resources */,
				44497BE0253542CB0050C6E5 /* Poppins-ExtraBoldItalic.ttf in Resources */,
				44497BDA253542CB0050C6E5 /* Poppins-Black.ttf in Resources */,
				44497BD8253542CB0050C6E5 /* Poppins-ExtraBold.ttf in Resources */,
				44497BE1253542CB0050C6E5 /* Poppins-MediumItalic.ttf in Resources */,
				44497BDB253542CB0050C6E5 /* Poppins-ExtraLightItalic.ttf in Resources */,
				44497BD9253542CB0050C6E5 /* Poppins-SemiBoldItalic.ttf in Resources */,
				44497BD4253542CB0050C6E5 /* Poppins-Light.ttf in Resources */,
				44497BD5253542CB0050C6E5 /* Poppins-Medium.ttf in Resources */,
				44497BE4253542CB0050C6E5 /* Poppins-Italic.ttf in Resources */,
				44497BD7253542CB0050C6E5 /* Poppins-ExtraLight.ttf in Resources */,
			);
			runOnlyForDeploymentPostprocessing = 0;
		};
/* End PBXResourcesBuildPhase section */

/* Begin PBXShellScriptBuildPhase section */
		81E12D86674E54F8B5899CBD /* [CP] Embed Pods Frameworks */ = {
			isa = PBXShellScriptBuildPhase;
			buildActionMask = 2147483647;
			files = (
			);
			inputFileListPaths = (
				"${PODS_ROOT}/Target Support Files/Pods-ShiftBuddy/Pods-ShiftBuddy-frameworks-${CONFIGURATION}-input-files.xcfilelist",
			);
			name = "[CP] Embed Pods Frameworks";
			outputFileListPaths = (
				"${PODS_ROOT}/Target Support Files/Pods-ShiftBuddy/Pods-ShiftBuddy-frameworks-${CONFIGURATION}-output-files.xcfilelist",
			);
			runOnlyForDeploymentPostprocessing = 0;
			shellPath = /bin/sh;
			shellScript = "\"${PODS_ROOT}/Target Support Files/Pods-ShiftBuddy/Pods-ShiftBuddy-frameworks.sh\"\n";
			showEnvVarsInLog = 0;
		};
		FB761C67ADDD24C210FA1356 /* [CP] Check Pods Manifest.lock */ = {
			isa = PBXShellScriptBuildPhase;
			buildActionMask = 2147483647;
			files = (
			);
			inputFileListPaths = (
			);
			inputPaths = (
				"${PODS_PODFILE_DIR_PATH}/Podfile.lock",
				"${PODS_ROOT}/Manifest.lock",
			);
			name = "[CP] Check Pods Manifest.lock";
			outputFileListPaths = (
			);
			outputPaths = (
				"$(DERIVED_FILE_DIR)/Pods-ShiftBuddy-checkManifestLockResult.txt",
			);
			runOnlyForDeploymentPostprocessing = 0;
			shellPath = /bin/sh;
			shellScript = "diff \"${PODS_PODFILE_DIR_PATH}/Podfile.lock\" \"${PODS_ROOT}/Manifest.lock\" > /dev/null\nif [ $? != 0 ] ; then\n    # print error to STDERR\n    echo \"error: The sandbox is not in sync with the Podfile.lock. Run 'pod install' or update your CocoaPods installation.\" >&2\n    exit 1\nfi\n# This output is used by Xcode 'outputs' to avoid re-running this script phase.\necho \"SUCCESS\" > \"${SCRIPT_OUTPUT_FILE_0}\"\n";
			showEnvVarsInLog = 0;
		};
/* End PBXShellScriptBuildPhase section */

/* Begin PBXSourcesBuildPhase section */
		55D8245825353466007358BB /* Sources */ = {
			isa = PBXSourcesBuildPhase;
			buildActionMask = 2147483647;
			files = (
				55EB4DED25353B890018BEC9 /* Fonts.swift in Sources */,
				55EB4DF125353B900018BEC9 /* Colors.swift in Sources */,
				558A7C452593BC4300F087E9 /* UtilityExtensions.swift in Sources */,
				55EA8A98257D862500099833 /* CreateAccountVC.swift in Sources */,
				55FCEF0A257D50B60017B687 /* LoginVC+UISetup.swift in Sources */,
				55D8246425353466007358BB /* LoginVC.swift in Sources */,
				55D8246025353466007358BB /* AppDelegate.swift in Sources */,
				555311DA257AF5B800C1BCF3 /* UIKitConvenienceExtensions.swift in Sources */,
				55EB4DF425353BB30018BEC9 /* SBTextField.swift in Sources */,
				44497BE72535478C0050C6E5 /* SBButton.swift in Sources */,
				555311DD257B0C6300C1BCF3 /* SBLabel.swift in Sources */,
				55D8246225353466007358BB /* SceneDelegate.swift in Sources */,
			);
			runOnlyForDeploymentPostprocessing = 0;
		};
/* End PBXSourcesBuildPhase section */

/* Begin PBXVariantGroup section */
		55D8246A2535346C007358BB /* LaunchScreen.storyboard */ = {
			isa = PBXVariantGroup;
			children = (
				55D8246B2535346C007358BB /* Base */,
			);
			name = LaunchScreen.storyboard;
			sourceTree = "<group>";
		};
/* End PBXVariantGroup section */

/* Begin XCBuildConfiguration section */
		55D8246E2535346C007358BB /* Debug */ = {
			isa = XCBuildConfiguration;
			buildSettings = {
				ALWAYS_SEARCH_USER_PATHS = NO;
				CLANG_ANALYZER_NONNULL = YES;
				CLANG_ANALYZER_NUMBER_OBJECT_CONVERSION = YES_AGGRESSIVE;
				CLANG_CXX_LANGUAGE_STANDARD = "gnu++14";
				CLANG_CXX_LIBRARY = "libc++";
				CLANG_ENABLE_MODULES = YES;
				CLANG_ENABLE_OBJC_ARC = YES;
				CLANG_ENABLE_OBJC_WEAK = YES;
				CLANG_WARN_BLOCK_CAPTURE_AUTORELEASING = YES;
				CLANG_WARN_BOOL_CONVERSION = YES;
				CLANG_WARN_COMMA = YES;
				CLANG_WARN_CONSTANT_CONVERSION = YES;
				CLANG_WARN_DEPRECATED_OBJC_IMPLEMENTATIONS = YES;
				CLANG_WARN_DIRECT_OBJC_ISA_USAGE = YES_ERROR;
				CLANG_WARN_DOCUMENTATION_COMMENTS = YES;
				CLANG_WARN_EMPTY_BODY = YES;
				CLANG_WARN_ENUM_CONVERSION = YES;
				CLANG_WARN_INFINITE_RECURSION = YES;
				CLANG_WARN_INT_CONVERSION = YES;
				CLANG_WARN_NON_LITERAL_NULL_CONVERSION = YES;
				CLANG_WARN_OBJC_IMPLICIT_RETAIN_SELF = YES;
				CLANG_WARN_OBJC_LITERAL_CONVERSION = YES;
				CLANG_WARN_OBJC_ROOT_CLASS = YES_ERROR;
				CLANG_WARN_QUOTED_INCLUDE_IN_FRAMEWORK_HEADER = YES;
				CLANG_WARN_RANGE_LOOP_ANALYSIS = YES;
				CLANG_WARN_STRICT_PROTOTYPES = YES;
				CLANG_WARN_SUSPICIOUS_MOVE = YES;
				CLANG_WARN_UNGUARDED_AVAILABILITY = YES_AGGRESSIVE;
				CLANG_WARN_UNREACHABLE_CODE = YES;
				CLANG_WARN__DUPLICATE_METHOD_MATCH = YES;
				COPY_PHASE_STRIP = NO;
				DEBUG_INFORMATION_FORMAT = dwarf;
				ENABLE_STRICT_OBJC_MSGSEND = YES;
				ENABLE_TESTABILITY = YES;
				GCC_C_LANGUAGE_STANDARD = gnu11;
				GCC_DYNAMIC_NO_PIC = NO;
				GCC_NO_COMMON_BLOCKS = YES;
				GCC_OPTIMIZATION_LEVEL = 0;
				GCC_PREPROCESSOR_DEFINITIONS = (
					"DEBUG=1",
					"$(inherited)",
				);
				GCC_WARN_64_TO_32_BIT_CONVERSION = YES;
				GCC_WARN_ABOUT_RETURN_TYPE = YES_ERROR;
				GCC_WARN_UNDECLARED_SELECTOR = YES;
				GCC_WARN_UNINITIALIZED_AUTOS = YES_AGGRESSIVE;
				GCC_WARN_UNUSED_FUNCTION = YES;
				GCC_WARN_UNUSED_VARIABLE = YES;
				IPHONEOS_DEPLOYMENT_TARGET = 14.0;
				MTL_ENABLE_DEBUG_INFO = INCLUDE_SOURCE;
				MTL_FAST_MATH = YES;
				ONLY_ACTIVE_ARCH = YES;
				SDKROOT = iphoneos;
				SWIFT_ACTIVE_COMPILATION_CONDITIONS = DEBUG;
				SWIFT_OPTIMIZATION_LEVEL = "-Onone";
			};
			name = Debug;
		};
		55D8246F2535346C007358BB /* Release */ = {
			isa = XCBuildConfiguration;
			buildSettings = {
				ALWAYS_SEARCH_USER_PATHS = NO;
				CLANG_ANALYZER_NONNULL = YES;
				CLANG_ANALYZER_NUMBER_OBJECT_CONVERSION = YES_AGGRESSIVE;
				CLANG_CXX_LANGUAGE_STANDARD = "gnu++14";
				CLANG_CXX_LIBRARY = "libc++";
				CLANG_ENABLE_MODULES = YES;
				CLANG_ENABLE_OBJC_ARC = YES;
				CLANG_ENABLE_OBJC_WEAK = YES;
				CLANG_WARN_BLOCK_CAPTURE_AUTORELEASING = YES;
				CLANG_WARN_BOOL_CONVERSION = YES;
				CLANG_WARN_COMMA = YES;
				CLANG_WARN_CONSTANT_CONVERSION = YES;
				CLANG_WARN_DEPRECATED_OBJC_IMPLEMENTATIONS = YES;
				CLANG_WARN_DIRECT_OBJC_ISA_USAGE = YES_ERROR;
				CLANG_WARN_DOCUMENTATION_COMMENTS = YES;
				CLANG_WARN_EMPTY_BODY = YES;
				CLANG_WARN_ENUM_CONVERSION = YES;
				CLANG_WARN_INFINITE_RECURSION = YES;
				CLANG_WARN_INT_CONVERSION = YES;
				CLANG_WARN_NON_LITERAL_NULL_CONVERSION = YES;
				CLANG_WARN_OBJC_IMPLICIT_RETAIN_SELF = YES;
				CLANG_WARN_OBJC_LITERAL_CONVERSION = YES;
				CLANG_WARN_OBJC_ROOT_CLASS = YES_ERROR;
				CLANG_WARN_QUOTED_INCLUDE_IN_FRAMEWORK_HEADER = YES;
				CLANG_WARN_RANGE_LOOP_ANALYSIS = YES;
				CLANG_WARN_STRICT_PROTOTYPES = YES;
				CLANG_WARN_SUSPICIOUS_MOVE = YES;
				CLANG_WARN_UNGUARDED_AVAILABILITY = YES_AGGRESSIVE;
				CLANG_WARN_UNREACHABLE_CODE = YES;
				CLANG_WARN__DUPLICATE_METHOD_MATCH = YES;
				COPY_PHASE_STRIP = NO;
				DEBUG_INFORMATION_FORMAT = "dwarf-with-dsym";
				ENABLE_NS_ASSERTIONS = NO;
				ENABLE_STRICT_OBJC_MSGSEND = YES;
				GCC_C_LANGUAGE_STANDARD = gnu11;
				GCC_NO_COMMON_BLOCKS = YES;
				GCC_WARN_64_TO_32_BIT_CONVERSION = YES;
				GCC_WARN_ABOUT_RETURN_TYPE = YES_ERROR;
				GCC_WARN_UNDECLARED_SELECTOR = YES;
				GCC_WARN_UNINITIALIZED_AUTOS = YES_AGGRESSIVE;
				GCC_WARN_UNUSED_FUNCTION = YES;
				GCC_WARN_UNUSED_VARIABLE = YES;
				IPHONEOS_DEPLOYMENT_TARGET = 14.0;
				MTL_ENABLE_DEBUG_INFO = NO;
				MTL_FAST_MATH = YES;
				SDKROOT = iphoneos;
				SWIFT_COMPILATION_MODE = wholemodule;
				SWIFT_OPTIMIZATION_LEVEL = "-O";
				VALIDATE_PRODUCT = YES;
			};
			name = Release;
		};
		55D824712535346C007358BB /* Debug */ = {
			isa = XCBuildConfiguration;
			baseConfigurationReference = F6C609A3E55F7BD9CE334BFB /* Pods-ShiftBuddy.debug.xcconfig */;
			buildSettings = {
				ASSETCATALOG_COMPILER_APPICON_NAME = AppIcon;
				ASSETCATALOG_COMPILER_GLOBAL_ACCENT_COLOR_NAME = AccentColor;
				CODE_SIGN_STYLE = Automatic;
				DEVELOPMENT_TEAM = V85ZA84563;
				INFOPLIST_FILE = ShiftBuddy/Info.plist;
				LD_RUNPATH_SEARCH_PATHS = (
					"$(inherited)",
					"@executable_path/Frameworks",
				);
				PRODUCT_BUNDLE_IDENTIFIER = com.SicardBoys.ShiftBuddy;
				PRODUCT_NAME = "$(TARGET_NAME)";
				SWIFT_VERSION = 5.0;
				TARGETED_DEVICE_FAMILY = "1,2";
			};
			name = Debug;
		};
		55D824722535346C007358BB /* Release */ = {
			isa = XCBuildConfiguration;
			baseConfigurationReference = 0C1907838984090B305453AD /* Pods-ShiftBuddy.release.xcconfig */;
			buildSettings = {
				ASSETCATALOG_COMPILER_APPICON_NAME = AppIcon;
				ASSETCATALOG_COMPILER_GLOBAL_ACCENT_COLOR_NAME = AccentColor;
				CODE_SIGN_STYLE = Automatic;
				DEVELOPMENT_TEAM = V85ZA84563;
				INFOPLIST_FILE = ShiftBuddy/Info.plist;
				LD_RUNPATH_SEARCH_PATHS = (
					"$(inherited)",
					"@executable_path/Frameworks",
				);
				PRODUCT_BUNDLE_IDENTIFIER = com.SicardBoys.ShiftBuddy;
				PRODUCT_NAME = "$(TARGET_NAME)";
				SWIFT_VERSION = 5.0;
				TARGETED_DEVICE_FAMILY = "1,2";
			};
			name = Release;
		};
/* End XCBuildConfiguration section */

/* Begin XCConfigurationList section */
		55D8245725353466007358BB /* Build configuration list for PBXProject "ShiftBuddy" */ = {
			isa = XCConfigurationList;
			buildConfigurations = (
				55D8246E2535346C007358BB /* Debug */,
				55D8246F2535346C007358BB /* Release */,
			);
			defaultConfigurationIsVisible = 0;
			defaultConfigurationName = Release;
		};
		55D824702535346C007358BB /* Build configuration list for PBXNativeTarget "ShiftBuddy" */ = {
			isa = XCConfigurationList;
			buildConfigurations = (
				55D824712535346C007358BB /* Debug */,
				55D824722535346C007358BB /* Release */,
			);
			defaultConfigurationIsVisible = 0;
			defaultConfigurationName = Release;
		};
/* End XCConfigurationList section */
	};
	rootObject = 55D8245425353466007358BB /* Project object */;
}
